// !$*UTF8*$!
{
	archiveVersion = 1;
	classes = {
	};
	objectVersion = 46;
	objects = {

/* Begin PBXBuildFile section */
		A176BAA61CB2428B0012CE90 /* AppDelegate.swift in Sources */ = {isa = PBXBuildFile; fileRef = A176BAA51CB2428B0012CE90 /* AppDelegate.swift */; };
		A176BAA81CB2428B0012CE90 /* ViewController.swift in Sources */ = {isa = PBXBuildFile; fileRef = A176BAA71CB2428B0012CE90 /* ViewController.swift */; };
		A176BAAB1CB2428B0012CE90 /* Main.storyboard in Resources */ = {isa = PBXBuildFile; fileRef = A176BAA91CB2428B0012CE90 /* Main.storyboard */; };
		A176BAAD1CB2428B0012CE90 /* Assets.xcassets in Resources */ = {isa = PBXBuildFile; fileRef = A176BAAC1CB2428B0012CE90 /* Assets.xcassets */; };
		A176BAB01CB2428B0012CE90 /* LaunchScreen.storyboard in Resources */ = {isa = PBXBuildFile; fileRef = A176BAAE1CB2428B0012CE90 /* LaunchScreen.storyboard */; };
/* End PBXBuildFile section */

/* Begin PBXFileReference section */
		A176BAA21CB2428B0012CE90 /* FirstKadaiApp.app */ = {isa = PBXFileReference; explicitFileType = wrapper.application; includeInIndex = 0; path = FirstKadaiApp.app; sourceTree = BUILT_PRODUCTS_DIR; };
		A176BAA51CB2428B0012CE90 /* AppDelegate.swift */ = {isa = PBXFileReference; lastKnownFileType = sourcecode.swift; path = AppDelegate.swift; sourceTree = "<group>"; };
		A176BAA71CB2428B0012CE90 /* ViewController.swift */ = {isa = PBXFileReference; lastKnownFileType = sourcecode.swift; path = ViewController.swift; sourceTree = "<group>"; };
		A176BAAA1CB2428B0012CE90 /* Base */ = {isa = PBXFileReference; lastKnownFileType = file.storyboard; name = Base; path = Base.lproj/Main.storyboard; sourceTree = "<group>"; };
		A176BAAC1CB2428B0012CE90 /* Assets.xcassets */ = {isa = PBXFileReference; lastKnownFileType = folder.assetcatalog; path = Assets.xcassets; sourceTree = "<group>"; };
		A176BAAF1CB2428B0012CE90 /* Base */ = {isa = PBXFileReference; lastKnownFileType = file.storyboard; name = Base; path = Base.lproj/LaunchScreen.storyboard; sourceTree = "<group>"; };
		A176BAB11CB2428B0012CE90 /* Info.plist */ = {isa = PBXFileReference; lastKnownFileType = text.plist.xml; path = Info.plist; sourceTree = "<group>"; };
/* End PBXFileReference section */

/* Begin PBXFrameworksBuildPhase section */
		A176BA9F1CB2428B0012CE90 /* Frameworks */ = {
			isa = PBXFrameworksBuildPhase;
			buildActionMask = 2147483647;
			files = (
			);
			runOnlyForDeploymentPostprocessing = 0;
		};
/* End PBXFrameworksBuildPhase section */

/* Begin PBXGroup section */
		A176BA991CB2428B0012CE90 = {
			isa = PBXGroup;
			children = (
				A176BAA41CB2428B0012CE90 /* FirstKadaiApp */,
				A176BAA31CB2428B0012CE90 /* Products */,
			);
			sourceTree = "<group>";
		};
		A176BAA31CB2428B0012CE90 /* Products */ = {
			isa = PBXGroup;
			children = (
				A176BAA21CB2428B0012CE90 /* FirstKadaiApp.app */,
			);
			name = Products;
			sourceTree = "<group>";
		};
		A176BAA41CB2428B0012CE90 /* FirstKadaiApp */ = {
			isa = PBXGroup;
			children = (
				A176BAA51CB2428B0012CE90 /* AppDelegate.swift */,
				A176BAA71CB2428B0012CE90 /* ViewController.swift */,
				A176BAA91CB2428B0012CE90 /* Main.storyboard */,
				A176BAAC1CB2428B0012CE90 /* Assets.xcassets */,
				A176BAAE1CB2428B0012CE90 /* LaunchScreen.storyboard */,
				A176BAB11CB2428B0012CE90 /* Info.plist */,
			);
			path = FirstKadaiApp;
			sourceTree = "<group>";
		};
/* End PBXGroup section */

/* Begin PBXNativeTarget section */
		A176BAA11CB2428B0012CE90 /* FirstKadaiApp */ = {
			isa = PBXNativeTarget;
			buildConfigurationList = A176BAB41CB2428B0012CE90 /* Build configuration list for PBXNativeTarget "FirstKadaiApp" */;
			buildPhases = (
				A176BA9E1CB2428B0012CE90 /* Sources */,
				A176BA9F1CB2428B0012CE90 /* Frameworks */,
				A176BAA01CB2428B0012CE90 /* Resources */,
			);
			buildRules = (
			);
			dependencies = (
			);
			name = FirstKadaiApp;
			productName = FirstKadaiApp;
			productReference = A176BAA21CB2428B0012CE90 /* FirstKadaiApp.app */;
			productType = "com.apple.product-type.application";
		};
/* End PBXNativeTarget section */

/* Begin PBXProject section */
		A176BA9A1CB2428B0012CE90 /* Project object */ = {
			isa = PBXProject;
			attributes = {
				LastSwiftUpdateCheck = 0730;
				LastUpgradeCheck = 0730;
				ORGANIZATIONNAME = hiromasa.okubo;
				TargetAttributes = {
					A176BAA11CB2428B0012CE90 = {
						CreatedOnToolsVersion = 7.3;
						DevelopmentTeam = 4TAG22C5R6;
					};
				};
			};
			buildConfigurationList = A176BA9D1CB2428B0012CE90 /* Build configuration list for PBXProject "FirstKadaiApp" */;
			compatibilityVersion = "Xcode 3.2";
			developmentRegion = English;
			hasScannedForEncodings = 0;
			knownRegions = (
				en,
				Base,
			);
			mainGroup = A176BA991CB2428B0012CE90;
			productRefGroup = A176BAA31CB2428B0012CE90 /* Products */;
			projectDirPath = "";
			projectRoot = "";
			targets = (
				A176BAA11CB2428B0012CE90 /* FirstKadaiApp */,
			);
		};
/* End PBXProject section */

/* Begin PBXResourcesBuildPhase section */
		A176BAA01CB2428B0012CE90 /* Resources */ = {
			isa = PBXResourcesBuildPhase;
			buildActionMask = 2147483647;
			files = (
				A176BAB01CB2428B0012CE90 /* LaunchScreen.storyboard in Resources */,
				A176BAAD1CB2428B0012CE90 /* Assets.xcassets in Resources */,
				A176BAAB1CB2428B0012CE90 /* Main.storyboard in Resources */,
			);
			runOnlyForDeploymentPostprocessing = 0;
		};
/* End PBXResourcesBuildPhase section */

/* Begin PBXSourcesBuildPhase section */
		A176BA9E1CB2428B0012CE90 /* Sources */ = {
			isa = PBXSourcesBuildPhase;
			buildActionMask = 2147483647;
			files = (
				A176BAA81CB2428B0012CE90 /* ViewController.swift in Sources */,
				A176BAA61CB2428B0012CE90 /* AppDelegate.swift in Sources */,
			);
			runOnlyForDeploymentPostprocessing = 0;
		};
/* End PBXSourcesBuildPhase section */

/* Begin PBXVariantGroup section */
		A176BAA91CB2428B0012CE90 /* Main.storyboard */ = {
			isa = PBXVariantGroup;
			children = (
				A176BAAA1CB2428B0012CE90 /* Base */,
			);
			name = Main.storyboard;
			sourceTree = "<group>";
		};
		A176BAAE1CB2428B0012CE90 /* LaunchScreen.storyboard */ = {
			isa = PBXVariantGroup;
			children = (
				A176BAAF1CB2428B0012CE90 /* Base */,
			);
			name = LaunchScreen.storyboard;
			sourceTree = "<group>";
		};
/* End PBXVariantGroup section */

/* Begin XCBuildConfiguration section */
		A176BAB21CB2428B0012CE90 /* Debug */ = {
			isa = XCBuildConfiguration;
			buildSettings = {
				ALWAYS_SEARCH_USER_PATHS = NO;
				CLANG_ANALYZER_NONNULL = YES;
				CLANG_CXX_LANGUAGE_STANDARD = "gnu++0x";
				CLANG_CXX_LIBRARY = "libc++";
				CLANG_ENABLE_MODULES = YES;
				CLANG_ENABLE_OBJC_ARC = YES;
				CLANG_WARN_BOOL_CONVERSION = YES;
				CLANG_WARN_CONSTANT_CONVERSION = YES;
				CLANG_WARN_DIRECT_OBJC_ISA_USAGE = YES_ERROR;
				CLANG_WARN_EMPTY_BODY = YES;
				CLANG_WARN_ENUM_CONVERSION = YES;
				CLANG_WARN_INT_CONVERSION = YES;
				CLANG_WARN_OBJC_ROOT_CLASS = YES_ERROR;
				CLANG_WARN_UNREACHABLE_CODE = YES;
				CLANG_WARN__DUPLICATE_METHOD_MATCH = YES;
				"CODE_SIGN_IDENTITY[sdk=iphoneos*]" = "iPhone Developer";
				COPY_PHASE_STRIP = NO;
				DEBUG_INFORMATION_FORMAT = dwarf;
				ENABLE_STRICT_OBJC_MSGSEND = YES;
				ENABLE_TESTABILITY = YES;
				GCC_C_LANGUAGE_STANDARD = gnu99;
				GCC_DYNAMIC_NO_PIC = NO;
				GCC_NO_COMMON_BLOCKS = YES;
				GCC_OPTIMIZATION_LEVEL = 0;
				GCC_PREPROCESSOR_DEFINITIONS = (
					"DEBUG=1",
					"$(inherited)",
				);
				GCC_WARN_64_TO_32_BIT_CONVERSION = YES;
				GCC_WARN_ABOUT_RETURN_TYPE = YES_ERROR;
				GCC_WARN_UNDECLARED_SELECTOR = YES;
				GCC_WARN_UNINITIALIZED_AUTOS = YES_AGGRESSIVE;
				GCC_WARN_UNUSED_FUNCTION = YES;
				GCC_WARN_UNUSED_VARIABLE = YES;
				IPHONEOS_DEPLOYMENT_TARGET = 9.3;
				MTL_ENABLE_DEBUG_INFO = YES;
				ONLY_ACTIVE_ARCH = YES;
				SDKROOT = iphoneos;
				SWIFT_OPTIMIZATION_LEVEL = "-Onone";
			};
			name = Debug;
		};
		A176BAB31CB2428B0012CE90 /* Release */ = {
			isa = XCBuildConfiguration;
			buildSettings = {
				ALWAYS_SEARCH_USER_PATHS = NO;
				CLANG_ANALYZER_NONNULL = YES;
				CLANG_CXX_LANGUAGE_STANDARD = "gnu++0x";
				CLANG_CXX_LIBRARY = "libc++";
				CLANG_ENABLE_MODULES = YES;
				CLANG_ENABLE_OBJC_ARC = YES;
				CLANG_WARN_BOOL_CONVERSION = YES;
				CLANG_WARN_CONSTANT_CONVERSION = YES;
				CLANG_WARN_DIRECT_OBJC_ISA_USAGE = YES_ERROR;
				CLANG_WARN_EMPTY_BODY = YES;
				CLANG_WARN_ENUM_CONVERSION = YES;
				CLANG_WARN_INT_CONVERSION = YES;
				CLANG_WARN_OBJC_ROOT_CLASS = YES_ERROR;
				CLANG_WARN_UNREACHABLE_CODE = YES;
				CLANG_WARN__DUPLICATE_METHOD_MATCH = YES;
				"CODE_SIGN_IDENTITY[sdk=iphoneos*]" = "iPhone Developer";
				COPY_PHASE_STRIP = NO;
				DEBUG_INFORMATION_FORMAT = "dwarf-with-dsym";
				ENABLE_NS_ASSERTIONS = NO;
				ENABLE_STRICT_OBJC_MSGSEND = YES;
				GCC_C_LANGUAGE_STANDARD = gnu99;
				GCC_NO_COMMON_BLOCKS = YES;
				GCC_WARN_64_TO_32_BIT_CONVERSION = YES;
				GCC_WARN_ABOUT_RETURN_TYPE = YES_ERROR;
				GCC_WARN_UNDECLARED_SELECTOR = YES;
				GCC_WARN_UNINITIALIZED_AUTOS = YES_AGGRESSIVE;
				GCC_WARN_UNUSED_FUNCTION = YES;
				GCC_WARN_UNUSED_VARIABLE = YES;
				IPHONEOS_DEPLOYMENT_TARGET = 9.3;
				MTL_ENABLE_DEBUG_INFO = NO;
				SDKROOT = iphoneos;
				VALIDATE_PRODUCT = YES;
			};
			name = Release;
		};
		A176BAB51CB2428B0012CE90 /* Debug */ = {
			isa = XCBuildConfiguration;
			buildSettings = {
				ASSETCATALOG_COMPILER_APPICON_NAME = AppIcon;
				INFOPLIST_FILE = FirstKadaiApp/Info.plist;
				LD_RUNPATH_SEARCH_PATHS = "$(inherited) @executable_path/Frameworks";
				PRODUCT_BUNDLE_IDENTIFIER = jp.techacademy.hiromasa.okuboo.FirstKadaiApp;
				PRODUCT_NAME = "$(TARGET_NAME)";
			};
			name = Debug;
		};
		A176BAB61CB2428B0012CE90 /* Release */ = {
			isa = XCBuildConfiguration;
			buildSettings = {
				ASSETCATALOG_COMPILER_APPICON_NAME = AppIcon;
				INFOPLIST_FILE = FirstKadaiApp/Info.plist;
				LD_RUNPATH_SEARCH_PATHS = "$(inherited) @executable_path/Frameworks";
				PRODUCT_BUNDLE_IDENTIFIER = jp.techacademy.hiromasa.okuboo.FirstKadaiApp;
				PRODUCT_NAME = "$(TARGET_NAME)";
			};
			name = Release;
		};
/* End XCBuildConfiguration section */

/* Begin XCConfigurationList section */
		A176BA9D1CB2428B0012CE90 /* Build configuration list for PBXProject "FirstKadaiApp" */ = {
			isa = XCConfigurationList;
			buildConfigurations = (
				A176BAB21CB2428B0012CE90 /* Debug */,
				A176BAB31CB2428B0012CE90 /* Release */,
			);
			defaultConfigurationIsVisible = 0;
			defaultConfigurationName = Release;
		};
		A176BAB41CB2428B0012CE90 /* Build configuration list for PBXNativeTarget "FirstKadaiApp" */ = {
			isa = XCConfigurationList;
			buildConfigurations = (
				A176BAB51CB2428B0012CE90 /* Debug */,
				A176BAB61CB2428B0012CE90 /* Release */,
			);
			defaultConfigurationIsVisible = 0;
		};
/* End XCConfigurationList section */
	};
	rootObject = A176BA9A1CB2428B0012CE90 /* Project object */;
}
